// !$*UTF8*$!
{
	archiveVersion = 1;
	classes = {
	};
	objectVersion = 46;
	objects = {

/* Begin PBXBuildFile section */
		E1559DA81860393D00E18FE1 /* Foundation.framework in Frameworks */ = {isa = PBXBuildFile; fileRef = E1559DA71860393D00E18FE1 /* Foundation.framework */; };
		E1559DAA1860393D00E18FE1 /* CoreGraphics.framework in Frameworks */ = {isa = PBXBuildFile; fileRef = E1559DA91860393D00E18FE1 /* CoreGraphics.framework */; };
		E1559DAC1860393D00E18FE1 /* UIKit.framework in Frameworks */ = {isa = PBXBuildFile; fileRef = E1559DAB1860393D00E18FE1 /* UIKit.framework */; };
		E1559DB21860393D00E18FE1 /* InfoPlist.strings in Resources */ = {isa = PBXBuildFile; fileRef = E1559DB01860393D00E18FE1 /* InfoPlist.strings */; };
		E1559DB41860393D00E18FE1 /* main.m in Sources */ = {isa = PBXBuildFile; fileRef = E1559DB31860393D00E18FE1 /* main.m */; };
		E1559DB81860393D00E18FE1 /* KKAppDelegate.m in Sources */ = {isa = PBXBuildFile; fileRef = E1559DB71860393D00E18FE1 /* KKAppDelegate.m */; };
		E1559DBB1860393D00E18FE1 /* Main.storyboard in Resources */ = {isa = PBXBuildFile; fileRef = E1559DB91860393D00E18FE1 /* Main.storyboard */; };
		E1559DBE1860393D00E18FE1 /* KKViewController.m in Sources */ = {isa = PBXBuildFile; fileRef = E1559DBD1860393D00E18FE1 /* KKViewController.m */; };
		E1559DC01860393D00E18FE1 /* Images.xcassets in Resources */ = {isa = PBXBuildFile; fileRef = E1559DBF1860393D00E18FE1 /* Images.xcassets */; };
		E1559DC71860393D00E18FE1 /* XCTest.framework in Frameworks */ = {isa = PBXBuildFile; fileRef = E1559DC61860393D00E18FE1 /* XCTest.framework */; };
		E1559DC81860393D00E18FE1 /* Foundation.framework in Frameworks */ = {isa = PBXBuildFile; fileRef = E1559DA71860393D00E18FE1 /* Foundation.framework */; };
		E1559DC91860393D00E18FE1 /* UIKit.framework in Frameworks */ = {isa = PBXBuildFile; fileRef = E1559DAB1860393D00E18FE1 /* UIKit.framework */; };
		E1559DD11860393D00E18FE1 /* InfoPlist.strings in Resources */ = {isa = PBXBuildFile; fileRef = E1559DCF1860393D00E18FE1 /* InfoPlist.strings */; };
		E1559DD31860393D00E18FE1 /* CheckNetConnectionHUDTests.m in Sources */ = {isa = PBXBuildFile; fileRef = E1559DD21860393D00E18FE1 /* CheckNetConnectionHUDTests.m */; };
		E1559DE11860397500E18FE1 /* CheckNetConnection.m in Sources */ = {isa = PBXBuildFile; fileRef = E1559DDE1860397500E18FE1 /* CheckNetConnection.m */; };
		E1559DE21860397500E18FE1 /* KKHUD.m in Sources */ = {isa = PBXBuildFile; fileRef = E1559DE01860397500E18FE1 /* KKHUD.m */; };
		E1559DE51860399900E18FE1 /* Reachability.m in Sources */ = {isa = PBXBuildFile; fileRef = E1559DE41860399900E18FE1 /* Reachability.m */; };
/* End PBXBuildFile section */

/* Begin PBXContainerItemProxy section */
		E1559DCA1860393D00E18FE1 /* PBXContainerItemProxy */ = {
			isa = PBXContainerItemProxy;
			containerPortal = E1559D9C1860393D00E18FE1 /* Project object */;
			proxyType = 1;
			remoteGlobalIDString = E1559DA31860393D00E18FE1;
			remoteInfo = CheckNetConnectionHUD;
		};
/* End PBXContainerItemProxy section */

/* Begin PBXFileReference section */
		E1559DA41860393D00E18FE1 /* CheckNetConnectionHUD.app */ = {isa = PBXFileReference; explicitFileType = wrapper.application; includeInIndex = 0; path = CheckNetConnectionHUD.app; sourceTree = BUILT_PRODUCTS_DIR; };
		E1559DA71860393D00E18FE1 /* Foundation.framework */ = {isa = PBXFileReference; lastKnownFileType = wrapper.framework; name = Foundation.framework; path = System/Library/Frameworks/Foundation.framework; sourceTree = SDKROOT; };
		E1559DA91860393D00E18FE1 /* CoreGraphics.framework */ = {isa = PBXFileReference; lastKnownFileType = wrapper.framework; name = CoreGraphics.framework; path = System/Library/Frameworks/CoreGraphics.framework; sourceTree = SDKROOT; };
		E1559DAB1860393D00E18FE1 /* UIKit.framework */ = {isa = PBXFileReference; lastKnownFileType = wrapper.framework; name = UIKit.framework; path = System/Library/Frameworks/UIKit.framework; sourceTree = SDKROOT; };
		E1559DAF1860393D00E18FE1 /* CheckNetConnectionHUD-Info.plist */ = {isa = PBXFileReference; lastKnownFileType = text.plist.xml; path = "CheckNetConnectionHUD-Info.plist"; sourceTree = "<group>"; };
		E1559DB11860393D00E18FE1 /* en */ = {isa = PBXFileReference; lastKnownFileType = text.plist.strings; name = en; path = en.lproj/InfoPlist.strings; sourceTree = "<group>"; };
		E1559DB31860393D00E18FE1 /* main.m */ = {isa = PBXFileReference; lastKnownFileType = sourcecode.c.objc; path = main.m; sourceTree = "<group>"; };
		E1559DB51860393D00E18FE1 /* CheckNetConnectionHUD-Prefix.pch */ = {isa = PBXFileReference; lastKnownFileType = sourcecode.c.h; path = "CheckNetConnectionHUD-Prefix.pch"; sourceTree = "<group>"; };
		E1559DB61860393D00E18FE1 /* KKAppDelegate.h */ = {isa = PBXFileReference; lastKnownFileType = sourcecode.c.h; path = KKAppDelegate.h; sourceTree = "<group>"; };
		E1559DB71860393D00E18FE1 /* KKAppDelegate.m */ = {isa = PBXFileReference; lastKnownFileType = sourcecode.c.objc; path = KKAppDelegate.m; sourceTree = "<group>"; };
		E1559DBA1860393D00E18FE1 /* Base */ = {isa = PBXFileReference; lastKnownFileType = file.storyboard; name = Base; path = Base.lproj/Main.storyboard; sourceTree = "<group>"; };
		E1559DBC1860393D00E18FE1 /* KKViewController.h */ = {isa = PBXFileReference; lastKnownFileType = sourcecode.c.h; path = KKViewController.h; sourceTree = "<group>"; };
		E1559DBD1860393D00E18FE1 /* KKViewController.m */ = {isa = PBXFileReference; lastKnownFileType = sourcecode.c.objc; path = KKViewController.m; sourceTree = "<group>"; };
		E1559DBF1860393D00E18FE1 /* Images.xcassets */ = {isa = PBXFileReference; lastKnownFileType = folder.assetcatalog; path = Images.xcassets; sourceTree = "<group>"; };
		E1559DC51860393D00E18FE1 /* CheckNetConnectionHUDTests.xctest */ = {isa = PBXFileReference; explicitFileType = wrapper.cfbundle; includeInIndex = 0; path = CheckNetConnectionHUDTests.xctest; sourceTree = BUILT_PRODUCTS_DIR; };
		E1559DC61860393D00E18FE1 /* XCTest.framework */ = {isa = PBXFileReference; lastKnownFileType = wrapper.framework; name = XCTest.framework; path = Library/Frameworks/XCTest.framework; sourceTree = DEVELOPER_DIR; };
		E1559DCE1860393D00E18FE1 /* CheckNetConnectionHUDTests-Info.plist */ = {isa = PBXFileReference; lastKnownFileType = text.plist.xml; path = "CheckNetConnectionHUDTests-Info.plist"; sourceTree = "<group>"; };
		E1559DD01860393D00E18FE1 /* en */ = {isa = PBXFileReference; lastKnownFileType = text.plist.strings; name = en; path = en.lproj/InfoPlist.strings; sourceTree = "<group>"; };
		E1559DD21860393D00E18FE1 /* CheckNetConnectionHUDTests.m */ = {isa = PBXFileReference; lastKnownFileType = sourcecode.c.objc; path = CheckNetConnectionHUDTests.m; sourceTree = "<group>"; };
		E1559DDD1860397500E18FE1 /* CheckNetConnection.h */ = {isa = PBXFileReference; fileEncoding = 4; lastKnownFileType = sourcecode.c.h; path = CheckNetConnection.h; sourceTree = "<group>"; };
		E1559DDE1860397500E18FE1 /* CheckNetConnection.m */ = {isa = PBXFileReference; fileEncoding = 4; lastKnownFileType = sourcecode.c.objc; path = CheckNetConnection.m; sourceTree = "<group>"; };
		E1559DDF1860397500E18FE1 /* KKHUD.h */ = {isa = PBXFileReference; fileEncoding = 4; lastKnownFileType = sourcecode.c.h; path = KKHUD.h; sourceTree = "<group>"; };
		E1559DE01860397500E18FE1 /* KKHUD.m */ = {isa = PBXFileReference; fileEncoding = 4; lastKnownFileType = sourcecode.c.objc; path = KKHUD.m; sourceTree = "<group>"; };
		E1559DE31860399900E18FE1 /* Reachability.h */ = {isa = PBXFileReference; fileEncoding = 4; lastKnownFileType = sourcecode.c.h; path = Reachability.h; sourceTree = "<group>"; };
		E1559DE41860399900E18FE1 /* Reachability.m */ = {isa = PBXFileReference; fileEncoding = 4; lastKnownFileType = sourcecode.c.objc; path = Reachability.m; sourceTree = "<group>"; };
/* End PBXFileReference section */

/* Begin PBXFrameworksBuildPhase section */
		E1559DA11860393D00E18FE1 /* Frameworks */ = {
			isa = PBXFrameworksBuildPhase;
			buildActionMask = 2147483647;
			files = (
				E1559DAA1860393D00E18FE1 /* CoreGraphics.framework in Frameworks */,
				E1559DAC1860393D00E18FE1 /* UIKit.framework in Frameworks */,
				E1559DA81860393D00E18FE1 /* Foundation.framework in Frameworks */,
			);
			runOnlyForDeploymentPostprocessing = 0;
		};
		E1559DC21860393D00E18FE1 /* Frameworks */ = {
			isa = PBXFrameworksBuildPhase;
			buildActionMask = 2147483647;
			files = (
				E1559DC71860393D00E18FE1 /* XCTest.framework in Frameworks */,
				E1559DC91860393D00E18FE1 /* UIKit.framework in Frameworks */,
				E1559DC81860393D00E18FE1 /* Foundation.framework in Frameworks */,
			);
			runOnlyForDeploymentPostprocessing = 0;
		};
/* End PBXFrameworksBuildPhase section */

/* Begin PBXGroup section */
		E1559D9B1860393D00E18FE1 = {
			isa = PBXGroup;
			children = (
				E1559DAD1860393D00E18FE1 /* CheckNetConnectionHUD */,
				E1559DCC1860393D00E18FE1 /* CheckNetConnectionHUDTests */,
				E1559DA61860393D00E18FE1 /* Frameworks */,
				E1559DA51860393D00E18FE1 /* Products */,
			);
			sourceTree = "<group>";
		};
		E1559DA51860393D00E18FE1 /* Products */ = {
			isa = PBXGroup;
			children = (
				E1559DA41860393D00E18FE1 /* CheckNetConnectionHUD.app */,
				E1559DC51860393D00E18FE1 /* CheckNetConnectionHUDTests.xctest */,
			);
			name = Products;
			sourceTree = "<group>";
		};
		E1559DA61860393D00E18FE1 /* Frameworks */ = {
			isa = PBXGroup;
			children = (
				E1559DA71860393D00E18FE1 /* Foundation.framework */,
				E1559DA91860393D00E18FE1 /* CoreGraphics.framework */,
				E1559DAB1860393D00E18FE1 /* UIKit.framework */,
				E1559DC61860393D00E18FE1 /* XCTest.framework */,
			);
			name = Frameworks;
			sourceTree = "<group>";
		};
		E1559DAD1860393D00E18FE1 /* CheckNetConnectionHUD */ = {
			isa = PBXGroup;
			children = (
				E1559DDC1860396800E18FE1 /* HUD */,
				E1559DB61860393D00E18FE1 /* KKAppDelegate.h */,
				E1559DB71860393D00E18FE1 /* KKAppDelegate.m */,
				E1559DB91860393D00E18FE1 /* Main.storyboard */,
				E1559DBC1860393D00E18FE1 /* KKViewController.h */,
				E1559DBD1860393D00E18FE1 /* KKViewController.m */,
				E1559DBF1860393D00E18FE1 /* Images.xcassets */,
				E1559DAE1860393D00E18FE1 /* Supporting Files */,
			);
			path = CheckNetConnectionHUD;
			sourceTree = "<group>";
		};
		E1559DAE1860393D00E18FE1 /* Supporting Files */ = {
			isa = PBXGroup;
			children = (
				E1559DAF1860393D00E18FE1 /* CheckNetConnectionHUD-Info.plist */,
				E1559DB01860393D00E18FE1 /* InfoPlist.strings */,
				E1559DB31860393D00E18FE1 /* main.m */,
				E1559DB51860393D00E18FE1 /* CheckNetConnectionHUD-Prefix.pch */,
			);
			name = "Supporting Files";
			sourceTree = "<group>";
		};
		E1559DCC1860393D00E18FE1 /* CheckNetConnectionHUDTests */ = {
			isa = PBXGroup;
			children = (
				E1559DD21860393D00E18FE1 /* CheckNetConnectionHUDTests.m */,
				E1559DCD1860393D00E18FE1 /* Supporting Files */,
			);
			path = CheckNetConnectionHUDTests;
			sourceTree = "<group>";
		};
		E1559DCD1860393D00E18FE1 /* Supporting Files */ = {
			isa = PBXGroup;
			children = (
				E1559DCE1860393D00E18FE1 /* CheckNetConnectionHUDTests-Info.plist */,
				E1559DCF1860393D00E18FE1 /* InfoPlist.strings */,
			);
			name = "Supporting Files";
			sourceTree = "<group>";
		};
		E1559DDC1860396800E18FE1 /* HUD */ = {
			isa = PBXGroup;
			children = (
				E1559DE61860399D00E18FE1 /* Reachability */,
				E1559DE7186039A700E18FE1 /* KKHUD */,
				E1559DDD1860397500E18FE1 /* CheckNetConnection.h */,
				E1559DDE1860397500E18FE1 /* CheckNetConnection.m */,
			);
			name = HUD;
			sourceTree = "<group>";
		};
		E1559DE61860399D00E18FE1 /* Reachability */ = {
			isa = PBXGroup;
			children = (
				E1559DE31860399900E18FE1 /* Reachability.h */,
				E1559DE41860399900E18FE1 /* Reachability.m */,
			);
			name = Reachability;
			sourceTree = "<group>";
		};
		E1559DE7186039A700E18FE1 /* KKHUD */ = {
			isa = PBXGroup;
			children = (
				E1559DDF1860397500E18FE1 /* KKHUD.h */,
				E1559DE01860397500E18FE1 /* KKHUD.m */,
			);
			name = KKHUD;
			sourceTree = "<group>";
		};
/* End PBXGroup section */

/* Begin PBXNativeTarget section */
		E1559DA31860393D00E18FE1 /* CheckNetConnectionHUD */ = {
			isa = PBXNativeTarget;
			buildConfigurationList = E1559DD61860393D00E18FE1 /* Build configuration list for PBXNativeTarget "CheckNetConnectionHUD" */;
			buildPhases = (
				E1559DA01860393D00E18FE1 /* Sources */,
				E1559DA11860393D00E18FE1 /* Frameworks */,
				E1559DA21860393D00E18FE1 /* Resources */,
			);
			buildRules = (
			);
			dependencies = (
			);
			name = CheckNetConnectionHUD;
			productName = CheckNetConnectionHUD;
			productReference = E1559DA41860393D00E18FE1 /* CheckNetConnectionHUD.app */;
			productType = "com.apple.product-type.application";
		};
		E1559DC41860393D00E18FE1 /* CheckNetConnectionHUDTests */ = {
			isa = PBXNativeTarget;
			buildConfigurationList = E1559DD91860393D00E18FE1 /* Build configuration list for PBXNativeTarget "CheckNetConnectionHUDTests" */;
			buildPhases = (
				E1559DC11860393D00E18FE1 /* Sources */,
				E1559DC21860393D00E18FE1 /* Frameworks */,
				E1559DC31860393D00E18FE1 /* Resources */,
			);
			buildRules = (
			);
			dependencies = (
				E1559DCB1860393D00E18FE1 /* PBXTargetDependency */,
			);
			name = CheckNetConnectionHUDTests;
			productName = CheckNetConnectionHUDTests;
			productReference = E1559DC51860393D00E18FE1 /* CheckNetConnectionHUDTests.xctest */;
			productType = "com.apple.product-type.bundle.unit-test";
		};
/* End PBXNativeTarget section */

/* Begin PBXProject section */
		E1559D9C1860393D00E18FE1 /* Project object */ = {
			isa = PBXProject;
			attributes = {
				CLASSPREFIX = KK;
				LastUpgradeCheck = 0500;
				ORGANIZATIONNAME = Coneboy_K;
				TargetAttributes = {
					E1559DC41860393D00E18FE1 = {
						TestTargetID = E1559DA31860393D00E18FE1;
					};
				};
			};
			buildConfigurationList = E1559D9F1860393D00E18FE1 /* Build configuration list for PBXProject "CheckNetConnectionHUD" */;
			compatibilityVersion = "Xcode 3.2";
			developmentRegion = English;
			hasScannedForEncodings = 0;
			knownRegions = (
				en,
				Base,
			);
			mainGroup = E1559D9B1860393D00E18FE1;
			productRefGroup = E1559DA51860393D00E18FE1 /* Products */;
			projectDirPath = "";
			projectRoot = "";
			targets = (
				E1559DA31860393D00E18FE1 /* CheckNetConnectionHUD */,
				E1559DC41860393D00E18FE1 /* CheckNetConnectionHUDTests */,
			);
		};
/* End PBXProject section */

/* Begin PBXResourcesBuildPhase section */
		E1559DA21860393D00E18FE1 /* Resources */ = {
			isa = PBXResourcesBuildPhase;
			buildActionMask = 2147483647;
			files = (
				E1559DC01860393D00E18FE1 /* Images.xcassets in Resources */,
				E1559DB21860393D00E18FE1 /* InfoPlist.strings in Resources */,
				E1559DBB1860393D00E18FE1 /* Main.storyboard in Resources */,
			);
			runOnlyForDeploymentPostprocessing = 0;
		};
		E1559DC31860393D00E18FE1 /* Resources */ = {
			isa = PBXResourcesBuildPhase;
			buildActionMask = 2147483647;
			files = (
				E1559DD11860393D00E18FE1 /* InfoPlist.strings in Resources */,
			);
			runOnlyForDeploymentPostprocessing = 0;
		};
/* End PBXResourcesBuildPhase section */

/* Begin PBXSourcesBuildPhase section */
		E1559DA01860393D00E18FE1 /* Sources */ = {
			isa = PBXSourcesBuildPhase;
			buildActionMask = 2147483647;
			files = (
				E1559DE21860397500E18FE1 /* KKHUD.m in Sources */,
				E1559DE11860397500E18FE1 /* CheckNetConnection.m in Sources */,
				E1559DBE1860393D00E18FE1 /* KKViewController.m in Sources */,
				E1559DB81860393D00E18FE1 /* KKAppDelegate.m in Sources */,
				E1559DE51860399900E18FE1 /* Reachability.m in Sources */,
				E1559DB41860393D00E18FE1 /* main.m in Sources */,
			);
			runOnlyForDeploymentPostprocessing = 0;
		};
		E1559DC11860393D00E18FE1 /* Sources */ = {
			isa = PBXSourcesBuildPhase;
			buildActionMask = 2147483647;
			files = (
				E1559DD31860393D00E18FE1 /* CheckNetConnectionHUDTests.m in Sources */,
			);
			runOnlyForDeploymentPostprocessing = 0;
		};
/* End PBXSourcesBuildPhase section */

/* Begin PBXTargetDependency section */
		E1559DCB1860393D00E18FE1 /* PBXTargetDependency */ = {
			isa = PBXTargetDependency;
			target = E1559DA31860393D00E18FE1 /* CheckNetConnectionHUD */;
			targetProxy = E1559DCA1860393D00E18FE1 /* PBXContainerItemProxy */;
		};
/* End PBXTargetDependency section */

/* Begin PBXVariantGroup section */
		E1559DB01860393D00E18FE1 /* InfoPlist.strings */ = {
			isa = PBXVariantGroup;
			children = (
				E1559DB11860393D00E18FE1 /* en */,
			);
			name = InfoPlist.strings;
			sourceTree = "<group>";
		};
		E1559DB91860393D00E18FE1 /* Main.storyboard */ = {
			isa = PBXVariantGroup;
			children = (
				E1559DBA1860393D00E18FE1 /* Base */,
			);
			name = Main.storyboard;
			sourceTree = "<group>";
		};
		E1559DCF1860393D00E18FE1 /* InfoPlist.strings */ = {
			isa = PBXVariantGroup;
			children = (
				E1559DD01860393D00E18FE1 /* en */,
			);
			name = InfoPlist.strings;
			sourceTree = "<group>";
		};
/* End PBXVariantGroup section */

/* Begin XCBuildConfiguration section */
		E1559DD41860393D00E18FE1 /* Debug */ = {
			isa = XCBuildConfiguration;
			buildSettings = {
				ALWAYS_SEARCH_USER_PATHS = NO;
				ARCHS = "$(ARCHS_STANDARD_INCLUDING_64_BIT)";
				CLANG_CXX_LANGUAGE_STANDARD = "gnu++0x";
				CLANG_CXX_LIBRARY = "libc++";
				CLANG_ENABLE_MODULES = YES;
				CLANG_ENABLE_OBJC_ARC = YES;
				CLANG_WARN_BOOL_CONVERSION = YES;
				CLANG_WARN_CONSTANT_CONVERSION = YES;
				CLANG_WARN_DIRECT_OBJC_ISA_USAGE = YES_ERROR;
				CLANG_WARN_EMPTY_BODY = YES;
				CLANG_WARN_ENUM_CONVERSION = YES;
				CLANG_WARN_INT_CONVERSION = YES;
				CLANG_WARN_OBJC_ROOT_CLASS = YES_ERROR;
				CLANG_WARN__DUPLICATE_METHOD_MATCH = YES;
				"CODE_SIGN_IDENTITY[sdk=iphoneos*]" = "iPhone Developer";
				COPY_PHASE_STRIP = NO;
				GCC_C_LANGUAGE_STANDARD = gnu99;
				GCC_DYNAMIC_NO_PIC = NO;
				GCC_OPTIMIZATION_LEVEL = 0;
				GCC_PREPROCESSOR_DEFINITIONS = (
					"DEBUG=1",
					"$(inherited)",
				);
				GCC_SYMBOLS_PRIVATE_EXTERN = NO;
				GCC_WARN_64_TO_32_BIT_CONVERSION = YES;
				GCC_WARN_ABOUT_RETURN_TYPE = YES_ERROR;
				GCC_WARN_UNDECLARED_SELECTOR = YES;
				GCC_WARN_UNINITIALIZED_AUTOS = YES;
				GCC_WARN_UNUSED_FUNCTION = YES;
				GCC_WARN_UNUSED_VARIABLE = YES;
				IPHONEOS_DEPLOYMENT_TARGET = 5.0;
				ONLY_ACTIVE_ARCH = YES;
				SDKROOT = iphoneos6.1;
			};
			name = Debug;
		};
		E1559DD51860393D00E18FE1 /* Release */ = {
			isa = XCBuildConfiguration;
			buildSettings = {
				ALWAYS_SEARCH_USER_PATHS = NO;
				ARCHS = "$(ARCHS_STANDARD_INCLUDING_64_BIT)";
				CLANG_CXX_LANGUAGE_STANDARD = "gnu++0x";
				CLANG_CXX_LIBRARY = "libc++";
				CLANG_ENABLE_MODULES = YES;
				CLANG_ENABLE_OBJC_ARC = YES;
				CLANG_WARN_BOOL_CONVERSION = YES;
				CLANG_WARN_CONSTANT_CONVERSION = YES;
				CLANG_WARN_DIRECT_OBJC_ISA_USAGE = YES_ERROR;
				CLANG_WARN_EMPTY_BODY = YES;
				CLANG_WARN_ENUM_CONVERSION = YES;
				CLANG_WARN_INT_CONVERSION = YES;
				CLANG_WARN_OBJC_ROOT_CLASS = YES_ERROR;
				CLANG_WARN__DUPLICATE_METHOD_MATCH = YES;
				"CODE_SIGN_IDENTITY[sdk=iphoneos*]" = "iPhone Developer";
				COPY_PHASE_STRIP = YES;
				ENABLE_NS_ASSERTIONS = NO;
				GCC_C_LANGUAGE_STANDARD = gnu99;
				GCC_WARN_64_TO_32_BIT_CONVERSION = YES;
				GCC_WARN_ABOUT_RETURN_TYPE = YES_ERROR;
				GCC_WARN_UNDECLARED_SELECTOR = YES;
				GCC_WARN_UNINITIALIZED_AUTOS = YES;
				GCC_WARN_UNUSED_FUNCTION = YES;
				GCC_WARN_UNUSED_VARIABLE = YES;
				IPHONEOS_DEPLOYMENT_TARGET = 5.0;
				SDKROOT = iphoneos6.1;
				VALIDATE_PRODUCT = YES;
			};
			name = Release;
		};
		E1559DD71860393D00E18FE1 /* Debug */ = {
			isa = XCBuildConfiguration;
			buildSettings = {
				ASSETCATALOG_COMPILER_APPICON_NAME = AppIcon;
				ASSETCATALOG_COMPILER_LAUNCHIMAGE_NAME = LaunchImage;
				GCC_PRECOMPILE_PREFIX_HEADER = YES;
				GCC_PREFIX_HEADER = "CheckNetConnectionHUD/CheckNetConnectionHUD-Prefix.pch";
				INFOPLIST_FILE = "CheckNetConnectionHUD/CheckNetConnectionHUD-Info.plist";
				IPHONEOS_DEPLOYMENT_TARGET = 7.0;
				PRODUCT_NAME = "$(TARGET_NAME)";
				WRAPPER_EXTENSION = app;
			};
			name = Debug;
		};
		E1559DD81860393D00E18FE1 /* Release */ = {
			isa = XCBuildConfiguration;
			buildSettings = {
				ASSETCATALOG_COMPILER_APPICON_NAME = AppIcon;
				ASSETCATALOG_COMPILER_LAUNCHIMAGE_NAME = LaunchImage;
				GCC_PRECOMPILE_PREFIX_HEADER = YES;
				GCC_PREFIX_HEADER = "CheckNetConnectionHUD/CheckNetConnectionHUD-Prefix.pch";
				INFOPLIST_FILE = "CheckNetConnectionHUD/CheckNetConnectionHUD-Info.plist";
				IPHONEOS_DEPLOYMENT_TARGET = 7.0;
				PRODUCT_NAME = "$(TARGET_NAME)";
				WRAPPER_EXTENSION = app;
			};
			name = Release;
		};
		E1559DDA1860393D00E18FE1 /* Debug */ = {
			isa = XCBuildConfiguration;
			buildSettings = {
				ARCHS = "$(ARCHS_STANDARD_INCLUDING_64_BIT)";
				BUNDLE_LOADER = "$(BUILT_PRODUCTS_DIR)/CheckNetConnectionHUD.app/CheckNetConnectionHUD";
				FRAMEWORK_SEARCH_PATHS = (
					"$(SDKROOT)/Developer/Library/Frameworks",
					"$(inherited)",
					"$(DEVELOPER_FRAMEWORKS_DIR)",
				);
				GCC_PRECOMPILE_PREFIX_HEADER = YES;
				GCC_PREFIX_HEADER = "CheckNetConnectionHUD/CheckNetConnectionHUD-Prefix.pch";
				GCC_PREPROCESSOR_DEFINITIONS = (
					"DEBUG=1",
					"$(inherited)",
				);
				INFOPLIST_FILE = "CheckNetConnectionHUDTests/CheckNetConnectionHUDTests-Info.plist";
				PRODUCT_NAME = "$(TARGET_NAME)";
				TEST_HOST = "$(BUNDLE_LOADER)";
				WRAPPER_EXTENSION = xctest;
			};
			name = Debug;
		};
		E1559DDB1860393D00E18FE1 /* Release */ = {
			isa = XCBuildConfiguration;
			buildSettings = {
				ARCHS = "$(ARCHS_STANDARD_INCLUDING_64_BIT)";
				BUNDLE_LOADER = "$(BUILT_PRODUCTS_DIR)/CheckNetConnectionHUD.app/CheckNetConnectionHUD";
				FRAMEWORK_SEARCH_PATHS = (
					"$(SDKROOT)/Developer/Library/Frameworks",
					"$(inherited)",
					"$(DEVELOPER_FRAMEWORKS_DIR)",
				);
				GCC_PRECOMPILE_PREFIX_HEADER = YES;
				GCC_PREFIX_HEADER = "CheckNetConnectionHUD/CheckNetConnectionHUD-Prefix.pch";
				INFOPLIST_FILE = "CheckNetConnectionHUDTests/CheckNetConnectionHUDTests-Info.plist";
				PRODUCT_NAME = "$(TARGET_NAME)";
				TEST_HOST = "$(BUNDLE_LOADER)";
				WRAPPER_EXTENSION = xctest;
			};
			name = Release;
		};
/* End XCBuildConfiguration section */

/* Begin XCConfigurationList section */
		E1559D9F1860393D00E18FE1 /* Build configuration list for PBXProject "CheckNetConnectionHUD" */ = {
			isa = XCConfigurationList;
			buildConfigurations = (
				E1559DD41860393D00E18FE1 /* Debug */,
				E1559DD51860393D00E18FE1 /* Release */,
			);
			defaultConfigurationIsVisible = 0;
			defaultConfigurationName = Debug;
		};
		E1559DD61860393D00E18FE1 /* Build configuration list for PBXNativeTarget "CheckNetConnectionHUD" */ = {
			isa = XCConfigurationList;
			buildConfigurations = (
				E1559DD71860393D00E18FE1 /* Debug */,
				E1559DD81860393D00E18FE1 /* Release */,
			);
			defaultConfigurationIsVisible = 0;
			defaultConfigurationName = Debug;
		};
		E1559DD91860393D00E18FE1 /* Build configuration list for PBXNativeTarget "CheckNetConnectionHUDTests" */ = {
			isa = XCConfigurationList;
			buildConfigurations = (
				E1559DDA1860393D00E18FE1 /* Debug */,
				E1559DDB1860393D00E18FE1 /* Release */,
			);
			defaultConfigurationIsVisible = 0;
			defaultConfigurationName = Debug;
		};
/* End XCConfigurationList section */
	};
	rootObject = E1559D9C1860393D00E18FE1 /* Project object */;
}
